
Microsoft Visual Studio Solution File, Format Version 12.00
# Visual Studio Version 17
VisualStudioVersion = 17.6.33829.357
MinimumVisualStudioVersion = 10.0.40219.1
Project("{FAE04EC0-301F-11D3-BF4B-00C04F79EFBC}") = "Exercicio8", "Exercicio8\Exercicio8.csproj", "{29E8C335-FA1C-4450-A576-DCEEA5E741EA}"
EndProject
Global
	GlobalSection(SolutionConfigurationPlatforms) = preSolution
		Debug|Any CPU = Debug|Any CPU
		Release|Any CPU = Release|Any CPU
	EndGlobalSection
	GlobalSection(ProjectConfigurationPlatforms) = postSolution
		{29E8C335-FA1C-4450-A576-DCEEA5E741EA}.Debug|Any CPU.ActiveCfg = Debug|Any CPU
		{29E8C335-FA1C-4450-A576-DCEEA5E741EA}.Debug|Any CPU.Build.0 = Debug|Any CPU
		{29E8C335-FA1C-4450-A576-DCEEA5E741EA}.Release|Any CPU.ActiveCfg = Release|Any CPU
		{29E8C335-FA1C-4450-A576-DCEEA5E741EA}.Release|Any CPU.Build.0 = Release|Any CPU
	EndGlobalSection
	GlobalSection(SolutionProperties) = preSolution
		HideSolutionNode = FALSE
	EndGlobalSection
	GlobalSection(ExtensibilityGlobals) = postSolution
		SolutionGuid = {3737381D-F116-4BE4-A1E4-3384AABF771E}
	EndGlobalSection
EndGlobal
